
Microsoft Visual Studio Solution File, Format Version 12.00
# Visual Studio 15
VisualStudioVersion = 15.0.28010.2016
MinimumVisualStudioVersion = 10.0.40219.1
Project("{FAE04EC0-301F-11D3-BF4B-00C04F79EFBC}") = "CapaDatos", "CapaDatos\CapaDatos.csproj", "{C8344E22-3B8A-4D31-A1A4-99A32B5F64EB}"
EndProject
Project("{FAE04EC0-301F-11D3-BF4B-00C04F79EFBC}") = "CapaNegocio", "CapaNegocio\CapaNegocio.csproj", "{9F0B8269-A666-450C-BF11-002BC531BA05}"
EndProject
Project("{FAE04EC0-301F-11D3-BF4B-00C04F79EFBC}") = "TesisFacturacion", "CapaPresentacion\TesisFacturacion.csproj", "{B7B66286-34B4-450A-94D1-A13A68852C31}"
EndProject
Project("{FAE04EC0-301F-11D3-BF4B-00C04F79EFBC}") = "CapaEntidad", "CapaEntidad\CapaEntidad.csproj", "{656C7C5E-6F7B-4BC4-83AB-6DC5E30AB8FA}"
EndProject
Global
	GlobalSection(SolutionConfigurationPlatforms) = preSolution
		Debug|Any CPU = Debug|Any CPU
		Release|Any CPU = Release|Any CPU
	EndGlobalSection
	GlobalSection(ProjectConfigurationPlatforms) = postSolution
		{C8344E22-3B8A-4D31-A1A4-99A32B5F64EB}.Debug|Any CPU.ActiveCfg = Debug|Any CPU
		{C8344E22-3B8A-4D31-A1A4-99A32B5F64EB}.Debug|Any CPU.Build.0 = Debug|Any CPU
		{C8344E22-3B8A-4D31-A1A4-99A32B5F64EB}.Release|Any CPU.ActiveCfg = Release|Any CPU
		{C8344E22-3B8A-4D31-A1A4-99A32B5F64EB}.Release|Any CPU.Build.0 = Release|Any CPU
		{9F0B8269-A666-450C-BF11-002BC531BA05}.Debug|Any CPU.ActiveCfg = Debug|Any CPU
		{9F0B8269-A666-450C-BF11-002BC531BA05}.Debug|Any CPU.Build.0 = Debug|Any CPU
		{9F0B8269-A666-450C-BF11-002BC531BA05}.Release|Any CPU.ActiveCfg = Release|Any CPU
		{9F0B8269-A666-450C-BF11-002BC531BA05}.Release|Any CPU.Build.0 = Release|Any CPU
		{B7B66286-34B4-450A-94D1-A13A68852C31}.Debug|Any CPU.ActiveCfg = Debug|Any CPU
		{B7B66286-34B4-450A-94D1-A13A68852C31}.Debug|Any CPU.Build.0 = Debug|Any CPU
		{B7B66286-34B4-450A-94D1-A13A68852C31}.Release|Any CPU.ActiveCfg = Release|Any CPU
		{B7B66286-34B4-450A-94D1-A13A68852C31}.Release|Any CPU.Build.0 = Release|Any CPU
		{656C7C5E-6F7B-4BC4-83AB-6DC5E30AB8FA}.Debug|Any CPU.ActiveCfg = Debug|Any CPU
		{656C7C5E-6F7B-4BC4-83AB-6DC5E30AB8FA}.Debug|Any CPU.Build.0 = Debug|Any CPU
		{656C7C5E-6F7B-4BC4-83AB-6DC5E30AB8FA}.Release|Any CPU.ActiveCfg = Release|Any CPU
		{656C7C5E-6F7B-4BC4-83AB-6DC5E30AB8FA}.Release|Any CPU.Build.0 = Release|Any CPU
	EndGlobalSection
	GlobalSection(SolutionProperties) = preSolution
		HideSolutionNode = FALSE
	EndGlobalSection
	GlobalSection(ExtensibilityGlobals) = postSolution
		SolutionGuid = {E2CAC99F-F1D9-4B0A-BE9C-16AF9FB44A0C}
	EndGlobalSection
EndGlobal
